// !$*UTF8*$!
{
	archiveVersion = 1;
	classes = {
	};
	objectVersion = 48;
	objects = {

/* Begin PBXBuildFile section */
		39CD45A61FE03B3E0097FBEE /* KeyboardListener.m in Sources */ = {isa = PBXBuildFile; fileRef = 39CD45A51FE03B3E0097FBEE /* KeyboardListener.m */; };
		39CD45A71FE03B3E0097FBEE /* KeyboardListener.h in CopyFiles */ = {isa = PBXBuildFile; fileRef = 39CD45A41FE03B3E0097FBEE /* KeyboardListener.h */; };
		39CD45C51FE06CE20097FBEE /* KeyboardListenerManager.m in Sources */ = {isa = PBXBuildFile; fileRef = 39CD45C41FE06CE20097FBEE /* KeyboardListenerManager.m */; };
/* End PBXBuildFile section */

/* Begin PBXCopyFilesBuildPhase section */
		39CD459F1FE03B3E0097FBEE /* CopyFiles */ = {
			isa = PBXCopyFilesBuildPhase;
			buildActionMask = 2147483647;
			dstPath = "include/$(PRODUCT_NAME)";
			dstSubfolderSpec = 16;
			files = (
				39CD45A71FE03B3E0097FBEE /* KeyboardListener.h in CopyFiles */,
			);
			runOnlyForDeploymentPostprocessing = 0;
		};
/* End PBXCopyFilesBuildPhase section */

/* Begin PBXFileReference section */
		39CD45A11FE03B3E0097FBEE /* libKeyboardListener.a */ = {isa = PBXFileReference; explicitFileType = archive.ar; includeInIndex = 0; path = libKeyboardListener.a; sourceTree = BUILT_PRODUCTS_DIR; };
		39CD45A41FE03B3E0097FBEE /* KeyboardListener.h */ = {isa = PBXFileReference; lastKnownFileType = sourcecode.c.h; path = KeyboardListener.h; sourceTree = "<group>"; };
		39CD45A51FE03B3E0097FBEE /* KeyboardListener.m */ = {isa = PBXFileReference; lastKnownFileType = sourcecode.c.objc; path = KeyboardListener.m; sourceTree = "<group>"; };
		39CD45C31FE06CAA0097FBEE /* KeyboardListenerManager.h */ = {isa = PBXFileReference; lastKnownFileType = sourcecode.c.h; path = KeyboardListenerManager.h; sourceTree = "<group>"; };
		39CD45C41FE06CE20097FBEE /* KeyboardListenerManager.m */ = {isa = PBXFileReference; lastKnownFileType = sourcecode.c.objc; path = KeyboardListenerManager.m; sourceTree = "<group>"; };
/* End PBXFileReference section */

/* Begin PBXFrameworksBuildPhase section */
		39CD459E1FE03B3E0097FBEE /* Frameworks */ = {
			isa = PBXFrameworksBuildPhase;
			buildActionMask = 2147483647;
			files = (
			);
			runOnlyForDeploymentPostprocessing = 0;
		};
/* End PBXFrameworksBuildPhase section */

/* Begin PBXGroup section */
		39CD45981FE03B3D0097FBEE = {
			isa = PBXGroup;
			children = (
				39CD45A31FE03B3E0097FBEE /* KeyboardListener */,
				39CD45A21FE03B3E0097FBEE /* Products */,
			);
			sourceTree = "<group>";
		};
		39CD45A21FE03B3E0097FBEE /* Products */ = {
			isa = PBXGroup;
			children = (
				39CD45A11FE03B3E0097FBEE /* libKeyboardListener.a */,
			);
			name = Products;
			sourceTree = "<group>";
		};
		39CD45A31FE03B3E0097FBEE /* KeyboardListener */ = {
			isa = PBXGroup;
			children = (
				39CD45A41FE03B3E0097FBEE /* KeyboardListener.h */,
				39CD45A51FE03B3E0097FBEE /* KeyboardListener.m */,
				39CD45C31FE06CAA0097FBEE /* KeyboardListenerManager.h */,
				39CD45C41FE06CE20097FBEE /* KeyboardListenerManager.m */,
			);
			path = KeyboardListener;
			sourceTree = "<group>";
		};
/* End PBXGroup section */

/* Begin PBXNativeTarget section */
		39CD45A01FE03B3E0097FBEE /* KeyboardListener */ = {
			isa = PBXNativeTarget;
			buildConfigurationList = 39CD45AA1FE03B3E0097FBEE /* Build configuration list for PBXNativeTarget "KeyboardListener" */;
			buildPhases = (
				39CD459D1FE03B3E0097FBEE /* Sources */,
				39CD459E1FE03B3E0097FBEE /* Frameworks */,
				39CD459F1FE03B3E0097FBEE /* CopyFiles */,
			);
			buildRules = (
			);
			dependencies = (
			);
			name = KeyboardListener;
			productName = KeyboardListener;
			productReference = 39CD45A11FE03B3E0097FBEE /* libKeyboardListener.a */;
			productType = "com.apple.product-type.library.static";
		};
/* End PBXNativeTarget section */

/* Begin PBXProject section */
		39CD45991FE03B3D0097FBEE /* Project object */ = {
			isa = PBXProject;
			attributes = {
				LastUpgradeCheck = 0920;
				ORGANIZATIONNAME = "Val  Geyvandov";
				TargetAttributes = {
					39CD45A01FE03B3E0097FBEE = {
						CreatedOnToolsVersion = 9.2;
						ProvisioningStyle = Automatic;
					};
				};
			};
			buildConfigurationList = 39CD459C1FE03B3D0097FBEE /* Build configuration list for PBXProject "KeyboardListener" */;
			compatibilityVersion = "Xcode 8.0";
			developmentRegion = en;
			hasScannedForEncodings = 0;
			knownRegions = (
				en,
			);
			mainGroup = 39CD45981FE03B3D0097FBEE;
			productRefGroup = 39CD45A21FE03B3E0097FBEE /* Products */;
			projectDirPath = "";
			projectRoot = "";
			targets = (
				39CD45A01FE03B3E0097FBEE /* KeyboardListener */,
			);
		};
/* End PBXProject section */

/* Begin PBXSourcesBuildPhase section */
		39CD459D1FE03B3E0097FBEE /* Sources */ = {
			isa = PBXSourcesBuildPhase;
			buildActionMask = 2147483647;
			files = (
				39CD45C51FE06CE20097FBEE /* KeyboardListenerManager.m in Sources */,
				39CD45A61FE03B3E0097FBEE /* KeyboardListener.m in Sources */,
			);
			runOnlyForDeploymentPostprocessing = 0;
		};
/* End PBXSourcesBuildPhase section */

/* Begin XCBuildConfiguration section */
		39CD45A81FE03B3E0097FBEE /* Debug */ = {
			isa = XCBuildConfiguration;
			buildSettings = {
				ALWAYS_SEARCH_USER_PATHS = NO;
				CLANG_ANALYZER_NONNULL = YES;
				CLANG_ANALYZER_NUMBER_OBJECT_CONVERSION = YES_AGGRESSIVE;
				CLANG_CXX_LANGUAGE_STANDARD = "gnu++14";
				CLANG_CXX_LIBRARY = "libc++";
				CLANG_ENABLE_MODULES = YES;
				CLANG_ENABLE_OBJC_ARC = YES;
				CLANG_WARN_BLOCK_CAPTURE_AUTORELEASING = YES;
				CLANG_WARN_BOOL_CONVERSION = YES;
				CLANG_WARN_COMMA = YES;
				CLANG_WARN_CONSTANT_CONVERSION = YES;
				CLANG_WARN_DIRECT_OBJC_ISA_USAGE = YES_ERROR;
				CLANG_WARN_DOCUMENTATION_COMMENTS = YES;
				CLANG_WARN_EMPTY_BODY = YES;
				CLANG_WARN_ENUM_CONVERSION = YES;
				CLANG_WARN_INFINITE_RECURSION = YES;
				CLANG_WARN_INT_CONVERSION = YES;
				CLANG_WARN_NON_LITERAL_NULL_CONVERSION = YES;
				CLANG_WARN_OBJC_LITERAL_CONVERSION = YES;
				CLANG_WARN_OBJC_ROOT_CLASS = YES_ERROR;
				CLANG_WARN_RANGE_LOOP_ANALYSIS = YES;
				CLANG_WARN_STRICT_PROTOTYPES = YES;
				CLANG_WARN_SUSPICIOUS_MOVE = YES;
				CLANG_WARN_UNGUARDED_AVAILABILITY = YES_AGGRESSIVE;
				CLANG_WARN_UNREACHABLE_CODE = YES;
				CLANG_WARN__DUPLICATE_METHOD_MATCH = YES;
				CODE_SIGN_IDENTITY = "iPhone Developer";
				COPY_PHASE_STRIP = NO;
				DEBUG_INFORMATION_FORMAT = dwarf;
				ENABLE_STRICT_OBJC_MSGSEND = YES;
				ENABLE_TESTABILITY = YES;
				GCC_C_LANGUAGE_STANDARD = gnu11;
				GCC_DYNAMIC_NO_PIC = NO;
				GCC_NO_COMMON_BLOCKS = YES;
				GCC_OPTIMIZATION_LEVEL = 0;
				GCC_PREPROCESSOR_DEFINITIONS = (
					"DEBUG=1",
					"$(inherited)",
				);
				GCC_WARN_64_TO_32_BIT_CONVERSION = YES;
				GCC_WARN_ABOUT_RETURN_TYPE = YES_ERROR;
				GCC_WARN_UNDECLARED_SELECTOR = YES;
				GCC_WARN_UNINITIALIZED_AUTOS = YES_AGGRESSIVE;
				GCC_WARN_UNUSED_FUNCTION = YES;
				GCC_WARN_UNUSED_VARIABLE = YES;
				IPHONEOS_DEPLOYMENT_TARGET = 11.2;
				MTL_ENABLE_DEBUG_INFO = YES;
				ONLY_ACTIVE_ARCH = YES;
				SDKROOT = iphoneos;
			};
			name = Debug;
		};
		39CD45A91FE03B3E0097FBEE /* Release */ = {
			isa = XCBuildConfiguration;
			buildSettings = {
				ALWAYS_SEARCH_USER_PATHS = NO;
				CLANG_ANALYZER_NONNULL = YES;
				CLANG_ANALYZER_NUMBER_OBJECT_CONVERSION = YES_AGGRESSIVE;
				CLANG_CXX_LANGUAGE_STANDARD = "gnu++14";
				CLANG_CXX_LIBRARY = "libc++";
				CLANG_ENABLE_MODULES = YES;
				CLANG_ENABLE_OBJC_ARC = YES;
				CLANG_WARN_BLOCK_CAPTURE_AUTORELEASING = YES;
				CLANG_WARN_BOOL_CONVERSION = YES;
				CLANG_WARN_COMMA = YES;
				CLANG_WARN_CONSTANT_CONVERSION = YES;
				CLANG_WARN_DIRECT_OBJC_ISA_USAGE = YES_ERROR;
				CLANG_WARN_DOCUMENTATION_COMMENTS = YES;
				CLANG_WARN_EMPTY_BODY = YES;
				CLANG_WARN_ENUM_CONVERSION = YES;
				CLANG_WARN_INFINITE_RECURSION = YES;
				CLANG_WARN_INT_CONVERSION = YES;
				CLANG_WARN_NON_LITERAL_NULL_CONVERSION = YES;
				CLANG_WARN_OBJC_LITERAL_CONVERSION = YES;
				CLANG_WARN_OBJC_ROOT_CLASS = YES_ERROR;
				CLANG_WARN_RANGE_LOOP_ANALYSIS = YES;
				CLANG_WARN_STRICT_PROTOTYPES = YES;
				CLANG_WARN_SUSPICIOUS_MOVE = YES;
				CLANG_WARN_UNGUARDED_AVAILABILITY = YES_AGGRESSIVE;
				CLANG_WARN_UNREACHABLE_CODE = YES;
				CLANG_WARN__DUPLICATE_METHOD_MATCH = YES;
				CODE_SIGN_IDENTITY = "iPhone Developer";
				COPY_PHASE_STRIP = NO;
				DEBUG_INFORMATION_FORMAT = "dwarf-with-dsym";
				ENABLE_NS_ASSERTIONS = NO;
				ENABLE_STRICT_OBJC_MSGSEND = YES;
				GCC_C_LANGUAGE_STANDARD = gnu11;
				GCC_NO_COMMON_BLOCKS = YES;
				GCC_WARN_64_TO_32_BIT_CONVERSION = YES;
				GCC_WARN_ABOUT_RETURN_TYPE = YES_ERROR;
				GCC_WARN_UNDECLARED_SELECTOR = YES;
				GCC_WARN_UNINITIALIZED_AUTOS = YES_AGGRESSIVE;
				GCC_WARN_UNUSED_FUNCTION = YES;
				GCC_WARN_UNUSED_VARIABLE = YES;
				IPHONEOS_DEPLOYMENT_TARGET = 11.2;
				MTL_ENABLE_DEBUG_INFO = NO;
				SDKROOT = iphoneos;
				VALIDATE_PRODUCT = YES;
			};
			name = Release;
		};
		39CD45AB1FE03B3E0097FBEE /* Debug */ = {
			isa = XCBuildConfiguration;
			buildSettings = {
				CODE_SIGN_STYLE = Automatic;
				DEVELOPMENT_TEAM = 48JX4XCM87;
				HEADER_SEARCH_PATHS = (
					"$(SRCROOT)/../../node_modules/react-native/React/**",
					"$(SRCROOT)/../Pods/Headers/Public/**",
				);
				OTHER_LDFLAGS = "-ObjC";
				PRODUCT_NAME = "$(TARGET_NAME)";
				SKIP_INSTALL = YES;
				TARGETED_DEVICE_FAMILY = "1,2";
			};
			name = Debug;
		};
		39CD45AC1FE03B3E0097FBEE /* Release */ = {
			isa = XCBuildConfiguration;
			buildSettings = {
				CODE_SIGN_STYLE = Automatic;
				DEVELOPMENT_TEAM = 48JX4XCM87;
				HEADER_SEARCH_PATHS = (
					"$(SRCROOT)/../../node_modules/react-native/React/**",
					"$(SRCROOT)/../Pods/Headers/Public/**",
				);
				OTHER_LDFLAGS = "-ObjC";
				PRODUCT_NAME = "$(TARGET_NAME)";
				SKIP_INSTALL = YES;
				TARGETED_DEVICE_FAMILY = "1,2";
			};
			name = Release;
		};
/* End XCBuildConfiguration section */

/* Begin XCConfigurationList section */
		39CD459C1FE03B3D0097FBEE /* Build configuration list for PBXProject "KeyboardListener" */ = {
			isa = XCConfigurationList;
			buildConfigurations = (
				39CD45A81FE03B3E0097FBEE /* Debug */,
				39CD45A91FE03B3E0097FBEE /* Release */,
			);
			defaultConfigurationIsVisible = 0;
			defaultConfigurationName = Release;
		};
		39CD45AA1FE03B3E0097FBEE /* Build configuration list for PBXNativeTarget "KeyboardListener" */ = {
			isa = XCConfigurationList;
			buildConfigurations = (
				39CD45AB1FE03B3E0097FBEE /* Debug */,
				39CD45AC1FE03B3E0097FBEE /* Release */,
			);
			defaultConfigurationIsVisible = 0;
			defaultConfigurationName = Release;
		};
/* End XCConfigurationList section */
	};
	rootObject = 39CD45991FE03B3D0097FBEE /* Project object */;
}
